
Microsoft Visual Studio Solution File, Format Version 12.00
# Visual Studio Version 17
VisualStudioVersion = 17.2.32616.157
MinimumVisualStudioVersion = 10.0.40219.1
Project("{FAE04EC0-301F-11D3-BF4B-00C04F79EFBC}") = "company1", "company1\company1.csproj", "{A6596178-9B6F-46AE-8E90-92A353668D8F}"
EndProject
Global
	GlobalSection(SolutionConfigurationPlatforms) = preSolution
		Debug|Any CPU = Debug|Any CPU
		Release|Any CPU = Release|Any CPU
	EndGlobalSection
	GlobalSection(ProjectConfigurationPlatforms) = postSolution
		{A6596178-9B6F-46AE-8E90-92A353668D8F}.Debug|Any CPU.ActiveCfg = Debug|Any CPU
		{A6596178-9B6F-46AE-8E90-92A353668D8F}.Debug|Any CPU.Build.0 = Debug|Any CPU
		{A6596178-9B6F-46AE-8E90-92A353668D8F}.Release|Any CPU.ActiveCfg = Release|Any CPU
		{A6596178-9B6F-46AE-8E90-92A353668D8F}.Release|Any CPU.Build.0 = Release|Any CPU
	EndGlobalSection
	GlobalSection(SolutionProperties) = preSolution
		HideSolutionNode = FALSE
	EndGlobalSection
	GlobalSection(ExtensibilityGlobals) = postSolution
		SolutionGuid = {EC29EA23-A792-403D-91B8-6E9347990EB3}
	EndGlobalSection
EndGlobal
